
Microsoft Visual Studio Solution File, Format Version 12.00
# Visual Studio Version 17
VisualStudioVersion = 17.0.31903.59
MinimumVisualStudioVersion = 10.0.40219.1
Project("{2150E333-8FDC-42A3-9474-1A3956D46DE8}") = "src", "src", "{827E0CD3-B72D-47B6-A68D-7590B98EB39B}"
EndProject
Project("{FAE04EC0-301F-11D3-BF4B-00C04F79EFBC}") = "ControlPlane.Api", "src\ControlPlane.Api\ControlPlane.Api.csproj", "{C88FAFEC-D505-4A77-A009-3EB3745FB28B}"
EndProject
Project("{2150E333-8FDC-42A3-9474-1A3956D46DE8}") = "tests", "tests", "{0AB3BF05-4346-4AA6-1389-037BE0695223}"
EndProject
Project("{FAE04EC0-301F-11D3-BF4B-00C04F79EFBC}") = "ControlPlane.Api.Tests", "tests\ControlPlane.Api.Tests\ControlPlane.Api.Tests.csproj", "{65411DC5-E208-4565-8C87-0CFB6CE908F7}"
EndProject
Project("{FAE04EC0-301F-11D3-BF4B-00C04F79EFBC}") = "Node.Runtime", "src\Node.Runtime\Node.Runtime.csproj", "{0FCE0A4B-170A-4711-A4AA-C59A648199CC}"
EndProject
Project("{FAE04EC0-301F-11D3-BF4B-00C04F79EFBC}") = "Node.Runtime.Tests", "tests\Node.Runtime.Tests\Node.Runtime.Tests.csproj", "{64AF509F-7D61-4E75-A6D0-70331FDB1607}"
EndProject
Global
	GlobalSection(SolutionConfigurationPlatforms) = preSolution
		Debug|Any CPU = Debug|Any CPU
		Debug|x64 = Debug|x64
		Debug|x86 = Debug|x86
		Release|Any CPU = Release|Any CPU
		Release|x64 = Release|x64
		Release|x86 = Release|x86
	EndGlobalSection
	GlobalSection(ProjectConfigurationPlatforms) = postSolution
		{C88FAFEC-D505-4A77-A009-3EB3745FB28B}.Debug|Any CPU.ActiveCfg = Debug|Any CPU
		{C88FAFEC-D505-4A77-A009-3EB3745FB28B}.Debug|Any CPU.Build.0 = Debug|Any CPU
		{C88FAFEC-D505-4A77-A009-3EB3745FB28B}.Debug|x64.ActiveCfg = Debug|Any CPU
		{C88FAFEC-D505-4A77-A009-3EB3745FB28B}.Debug|x64.Build.0 = Debug|Any CPU
		{C88FAFEC-D505-4A77-A009-3EB3745FB28B}.Debug|x86.ActiveCfg = Debug|Any CPU
		{C88FAFEC-D505-4A77-A009-3EB3745FB28B}.Debug|x86.Build.0 = Debug|Any CPU
		{C88FAFEC-D505-4A77-A009-3EB3745FB28B}.Release|Any CPU.ActiveCfg = Release|Any CPU
		{C88FAFEC-D505-4A77-A009-3EB3745FB28B}.Release|Any CPU.Build.0 = Release|Any CPU
		{C88FAFEC-D505-4A77-A009-3EB3745FB28B}.Release|x64.ActiveCfg = Release|Any CPU
		{C88FAFEC-D505-4A77-A009-3EB3745FB28B}.Release|x64.Build.0 = Release|Any CPU
		{C88FAFEC-D505-4A77-A009-3EB3745FB28B}.Release|x86.ActiveCfg = Release|Any CPU
		{C88FAFEC-D505-4A77-A009-3EB3745FB28B}.Release|x86.Build.0 = Release|Any CPU
		{65411DC5-E208-4565-8C87-0CFB6CE908F7}.Debug|Any CPU.ActiveCfg = Debug|Any CPU
		{65411DC5-E208-4565-8C87-0CFB6CE908F7}.Debug|Any CPU.Build.0 = Debug|Any CPU
		{65411DC5-E208-4565-8C87-0CFB6CE908F7}.Debug|x64.ActiveCfg = Debug|Any CPU
		{65411DC5-E208-4565-8C87-0CFB6CE908F7}.Debug|x64.Build.0 = Debug|Any CPU
		{65411DC5-E208-4565-8C87-0CFB6CE908F7}.Debug|x86.ActiveCfg = Debug|Any CPU
		{65411DC5-E208-4565-8C87-0CFB6CE908F7}.Debug|x86.Build.0 = Debug|Any CPU
		{65411DC5-E208-4565-8C87-0CFB6CE908F7}.Release|Any CPU.ActiveCfg = Release|Any CPU
		{65411DC5-E208-4565-8C87-0CFB6CE908F7}.Release|Any CPU.Build.0 = Release|Any CPU
		{65411DC5-E208-4565-8C87-0CFB6CE908F7}.Release|x64.ActiveCfg = Release|Any CPU
		{65411DC5-E208-4565-8C87-0CFB6CE908F7}.Release|x64.Build.0 = Release|Any CPU
		{65411DC5-E208-4565-8C87-0CFB6CE908F7}.Release|x86.ActiveCfg = Release|Any CPU
		{65411DC5-E208-4565-8C87-0CFB6CE908F7}.Release|x86.Build.0 = Release|Any CPU
		{0FCE0A4B-170A-4711-A4AA-C59A648199CC}.Debug|Any CPU.ActiveCfg = Debug|Any CPU
		{0FCE0A4B-170A-4711-A4AA-C59A648199CC}.Debug|Any CPU.Build.0 = Debug|Any CPU
		{0FCE0A4B-170A-4711-A4AA-C59A648199CC}.Debug|x64.ActiveCfg = Debug|Any CPU
		{0FCE0A4B-170A-4711-A4AA-C59A648199CC}.Debug|x64.Build.0 = Debug|Any CPU
		{0FCE0A4B-170A-4711-A4AA-C59A648199CC}.Debug|x86.ActiveCfg = Debug|Any CPU
		{0FCE0A4B-170A-4711-A4AA-C59A648199CC}.Debug|x86.Build.0 = Debug|Any CPU
		{0FCE0A4B-170A-4711-A4AA-C59A648199CC}.Release|Any CPU.ActiveCfg = Release|Any CPU
		{0FCE0A4B-170A-4711-A4AA-C59A648199CC}.Release|Any CPU.Build.0 = Release|Any CPU
		{0FCE0A4B-170A-4711-A4AA-C59A648199CC}.Release|x64.ActiveCfg = Release|Any CPU
		{0FCE0A4B-170A-4711-A4AA-C59A648199CC}.Release|x64.Build.0 = Release|Any CPU
		{0FCE0A4B-170A-4711-A4AA-C59A648199CC}.Release|x86.ActiveCfg = Release|Any CPU
		{0FCE0A4B-170A-4711-A4AA-C59A648199CC}.Release|x86.Build.0 = Release|Any CPU
		{64AF509F-7D61-4E75-A6D0-70331FDB1607}.Debug|Any CPU.ActiveCfg = Debug|Any CPU
		{64AF509F-7D61-4E75-A6D0-70331FDB1607}.Debug|Any CPU.Build.0 = Debug|Any CPU
		{64AF509F-7D61-4E75-A6D0-70331FDB1607}.Debug|x64.ActiveCfg = Debug|Any CPU
		{64AF509F-7D61-4E75-A6D0-70331FDB1607}.Debug|x64.Build.0 = Debug|Any CPU
		{64AF509F-7D61-4E75-A6D0-70331FDB1607}.Debug|x86.ActiveCfg = Debug|Any CPU
		{64AF509F-7D61-4E75-A6D0-70331FDB1607}.Debug|x86.Build.0 = Debug|Any CPU
		{64AF509F-7D61-4E75-A6D0-70331FDB1607}.Release|Any CPU.ActiveCfg = Release|Any CPU
		{64AF509F-7D61-4E75-A6D0-70331FDB1607}.Release|Any CPU.Build.0 = Release|Any CPU
		{64AF509F-7D61-4E75-A6D0-70331FDB1607}.Release|x64.ActiveCfg = Release|Any CPU
		{64AF509F-7D61-4E75-A6D0-70331FDB1607}.Release|x64.Build.0 = Release|Any CPU
		{64AF509F-7D61-4E75-A6D0-70331FDB1607}.Release|x86.ActiveCfg = Release|Any CPU
		{64AF509F-7D61-4E75-A6D0-70331FDB1607}.Release|x86.Build.0 = Release|Any CPU
	EndGlobalSection
	GlobalSection(SolutionProperties) = preSolution
		HideSolutionNode = FALSE
	EndGlobalSection
	GlobalSection(NestedProjects) = preSolution
		{C88FAFEC-D505-4A77-A009-3EB3745FB28B} = {827E0CD3-B72D-47B6-A68D-7590B98EB39B}
		{65411DC5-E208-4565-8C87-0CFB6CE908F7} = {0AB3BF05-4346-4AA6-1389-037BE0695223}
		{0FCE0A4B-170A-4711-A4AA-C59A648199CC} = {827E0CD3-B72D-47B6-A68D-7590B98EB39B}
		{64AF509F-7D61-4E75-A6D0-70331FDB1607} = {0AB3BF05-4346-4AA6-1389-037BE0695223}
	EndGlobalSection
EndGlobal
